
Microsoft Visual Studio Solution File, Format Version 12.00
# Visual Studio Version 16
VisualStudioVersion = 16.0.32413.511
MinimumVisualStudioVersion = 10.0.40219.1
Project("{FAE04EC0-301F-11D3-BF4B-00C04F79EFBC}") = "009 - EstruturasDeRepetição", "009 - EstruturasDeRepetição.csproj", "{DF51C6B5-FC0A-409A-86A2-C5684BCE3D0E}"
EndProject
Global
	GlobalSection(SolutionConfigurationPlatforms) = preSolution
		Debug|Any CPU = Debug|Any CPU
		Release|Any CPU = Release|Any CPU
	EndGlobalSection
	GlobalSection(ProjectConfigurationPlatforms) = postSolution
		{DF51C6B5-FC0A-409A-86A2-C5684BCE3D0E}.Debug|Any CPU.ActiveCfg = Debug|Any CPU
		{DF51C6B5-FC0A-409A-86A2-C5684BCE3D0E}.Debug|Any CPU.Build.0 = Debug|Any CPU
		{DF51C6B5-FC0A-409A-86A2-C5684BCE3D0E}.Release|Any CPU.ActiveCfg = Release|Any CPU
		{DF51C6B5-FC0A-409A-86A2-C5684BCE3D0E}.Release|Any CPU.Build.0 = Release|Any CPU
	EndGlobalSection
	GlobalSection(SolutionProperties) = preSolution
		HideSolutionNode = FALSE
	EndGlobalSection
	GlobalSection(ExtensibilityGlobals) = postSolution
		SolutionGuid = {FD7E6B3E-C4D1-4AFA-B142-E43DEFF24123}
	EndGlobalSection
EndGlobal
